schema: '2.0'
stages:
  prepare:
    cmd: python3.11 src/prepare.py data/raw data/prepared
    deps:
    - path: data/raw
      hash: md5
      md5: 369161b3d9ad89433dab658200c2b7b7.dir
      size: 9002123
      nfiles: 1638
    - path: src/prepare.py
      hash: md5
      md5: 64f3a49d111d9382c49052044ae0f92d
      size: 2596
    - path: src/utils/seed.py
      hash: md5
      md5: 88d1f3a0005669ee70a6b5177dc12abb
      size: 454
    params:
      params.yaml:
        prepare:
          seed: 77
          split: 0.2
          image_size:
          - 32
          - 32
          grayscale: true
    outs:
    - path: data/prepared
      hash: md5
      md5: 3262afeddec70a7b73a925ffc77d5899.dir
      size: 6754493
      nfiles: 8
  train:
    cmd: python3.11 src/train.py data/prepared model
    deps:
    - path: data/prepared
      hash: md5
      md5: 3262afeddec70a7b73a925ffc77d5899.dir
      size: 6754493
      nfiles: 8
    - path: src/train.py
      hash: md5
      md5: 5418b191a4d4bc1b821817d5462dd4b0
      size: 3989
    - path: src/utils/seed.py
      hash: md5
      md5: 88d1f3a0005669ee70a6b5177dc12abb
      size: 454
    params:
      params.yaml:
        train:
          seed: 77
          lr: 0.001
          epochs: 10
          conv_size: 64
          dense_size: 128
          output_classes: 11
    outs:
    - path: model
      hash: md5
      md5: c58cd9b84abfe6f1894160ab114ce008.dir
      size: 8323456
      nfiles: 2
  evaluate:
    cmd: python3.11 src/evaluate.py model data/prepared
    deps:
    - path: model
      hash: md5
      md5: c58cd9b84abfe6f1894160ab114ce008.dir
      size: 8323456
      nfiles: 2
    - path: src/evaluate.py
      hash: md5
      md5: c41f34abe8e568d4ce9f602f87fdd36f
      size: 5646
    outs:
    - path: evaluation/metrics.json
      hash: md5
      md5: aa45efddd5d7a6bd9d18bb2a2d0b6180
      size: 64
    - path: evaluation/plots/confusion_matrix.png
      hash: md5
      md5: 13dcca64f9cb7e97ddfff6633e2d5fb7
      size: 44600
    - path: evaluation/plots/pred_preview.png
      hash: md5
      md5: afb51f63e23e565bf4f82f58af8d6fdc
      size: 46393
    - path: evaluation/plots/training_history.png
      hash: md5
      md5: dd47f66eabfac32e4fc36a8e17c688e1
      size: 36454
